
Microsoft Visual Studio Solution File, Format Version 12.00
# Visual Studio 14
VisualStudioVersion = 14.0.25420.1
MinimumVisualStudioVersion = 10.0.40219.1
Project("{FAE04EC0-301F-11D3-BF4B-00C04F79EFBC}") = "WinServices", "WinServices\WinServices.csproj", "{1161C6BB-3A59-48F0-9D61-F54575D67CBF}"
EndProject
Project("{2150E333-8FDC-42A3-9474-1A3956D46DE8}") = "Assets", "Assets", "{BE2ECF81-4F4B-4B05-8395-23341D57DE42}"
	ProjectSection(SolutionItems) = preProject
		LICENSE = LICENSE
		README.md = README.md
	EndProjectSection
EndProject
Global
	GlobalSection(SolutionConfigurationPlatforms) = preSolution
		Debug|Any CPU = Debug|Any CPU
		Release|Any CPU = Release|Any CPU
	EndGlobalSection
	GlobalSection(ProjectConfigurationPlatforms) = postSolution
		{1161C6BB-3A59-48F0-9D61-F54575D67CBF}.Debug|Any CPU.ActiveCfg = Debug|Any CPU
		{1161C6BB-3A59-48F0-9D61-F54575D67CBF}.Debug|Any CPU.Build.0 = Debug|Any CPU
		{1161C6BB-3A59-48F0-9D61-F54575D67CBF}.Release|Any CPU.ActiveCfg = Release|Any CPU
		{1161C6BB-3A59-48F0-9D61-F54575D67CBF}.Release|Any CPU.Build.0 = Release|Any CPU
	EndGlobalSection
	GlobalSection(SolutionProperties) = preSolution
		HideSolutionNode = FALSE
	EndGlobalSection
EndGlobal
